
Microsoft Visual Studio Solution File, Format Version 12.00
# Visual Studio Version 16
VisualStudioVersion = 16.0.32428.217
MinimumVisualStudioVersion = 10.0.40219.1
Project("{9A19103F-16F7-4668-BE54-9A1E7A4F7556}") = "Lesson01", "Lesson01\Lesson01.csproj", "{64541530-0F1D-4A6B-BD8F-88DE924933FB}"
EndProject
Project("{9A19103F-16F7-4668-BE54-9A1E7A4F7556}") = "Lesson02", "Lesson02\Lesson02.csproj", "{7CBAEEF1-BD4D-46F5-AE68-687BB9CDD848}"
EndProject
Project("{2150E333-8FDC-42A3-9474-1A3956D46DE8}") = "Helpers  projects", "Helpers  projects", "{6D444A03-9EE0-471C-ACA0-C5F865B84A3B}"
EndProject
Project("{9A19103F-16F7-4668-BE54-9A1E7A4F7556}") = "ConsoleHelperLibrary", "ConsoleHelperLibrary\ConsoleHelperLibrary.csproj", "{DD3BC6ED-0128-4AFC-A787-987A062E5315}"
EndProject
Project("{2150E333-8FDC-42A3-9474-1A3956D46DE8}") = "Other", "Other", "{0A554752-0684-4F08-89CB-1FB566784593}"
EndProject
Project("{2150E333-8FDC-42A3-9474-1A3956D46DE8}") = "Solution Items", "Solution Items", "{768A80F4-249B-4E80-947C-6144962F9F75}"
	ProjectSection(SolutionItems) = preProject
		readme.md = readme.md
	EndProjectSection
EndProject
Project("{9A19103F-16F7-4668-BE54-9A1E7A4F7556}") = "Lesson00", "Lesson00\Lesson00.csproj", "{D35D2506-AA00-47FA-96AA-1CBBCA47CD04}"
EndProject
Project("{2150E333-8FDC-42A3-9474-1A3956D46DE8}") = "Lessons", "Lessons", "{9A2F306B-F087-48C8-8234-8766C691D609}"
EndProject
Project("{FAE04EC0-301F-11D3-BF4B-00C04F79EFBC}") = "ClearPictureOfInterface", "ClearPictureOfInterface\ClearPictureOfInterface.csproj", "{82C1D88A-F8F7-4ED1-813F-95EB13A06D26}"
EndProject
Project("{FAE04EC0-301F-11D3-BF4B-00C04F79EFBC}") = "ForWriteUps", "ForWriteUps\ForWriteUps.csproj", "{4E0BB44A-1665-4B69-9BF7-7C9D4F2C1460}"
EndProject
Global
	GlobalSection(SolutionConfigurationPlatforms) = preSolution
		Debug|Any CPU = Debug|Any CPU
		Release|Any CPU = Release|Any CPU
	EndGlobalSection
	GlobalSection(ProjectConfigurationPlatforms) = postSolution
		{64541530-0F1D-4A6B-BD8F-88DE924933FB}.Debug|Any CPU.ActiveCfg = Debug|Any CPU
		{64541530-0F1D-4A6B-BD8F-88DE924933FB}.Debug|Any CPU.Build.0 = Debug|Any CPU
		{64541530-0F1D-4A6B-BD8F-88DE924933FB}.Release|Any CPU.ActiveCfg = Release|Any CPU
		{64541530-0F1D-4A6B-BD8F-88DE924933FB}.Release|Any CPU.Build.0 = Release|Any CPU
		{7CBAEEF1-BD4D-46F5-AE68-687BB9CDD848}.Debug|Any CPU.ActiveCfg = Debug|Any CPU
		{7CBAEEF1-BD4D-46F5-AE68-687BB9CDD848}.Debug|Any CPU.Build.0 = Debug|Any CPU
		{7CBAEEF1-BD4D-46F5-AE68-687BB9CDD848}.Release|Any CPU.ActiveCfg = Release|Any CPU
		{7CBAEEF1-BD4D-46F5-AE68-687BB9CDD848}.Release|Any CPU.Build.0 = Release|Any CPU
		{DD3BC6ED-0128-4AFC-A787-987A062E5315}.Debug|Any CPU.ActiveCfg = Debug|Any CPU
		{DD3BC6ED-0128-4AFC-A787-987A062E5315}.Debug|Any CPU.Build.0 = Debug|Any CPU
		{DD3BC6ED-0128-4AFC-A787-987A062E5315}.Release|Any CPU.ActiveCfg = Release|Any CPU
		{DD3BC6ED-0128-4AFC-A787-987A062E5315}.Release|Any CPU.Build.0 = Release|Any CPU
		{D35D2506-AA00-47FA-96AA-1CBBCA47CD04}.Debug|Any CPU.ActiveCfg = Debug|Any CPU
		{D35D2506-AA00-47FA-96AA-1CBBCA47CD04}.Debug|Any CPU.Build.0 = Debug|Any CPU
		{D35D2506-AA00-47FA-96AA-1CBBCA47CD04}.Release|Any CPU.ActiveCfg = Release|Any CPU
		{D35D2506-AA00-47FA-96AA-1CBBCA47CD04}.Release|Any CPU.Build.0 = Release|Any CPU
		{82C1D88A-F8F7-4ED1-813F-95EB13A06D26}.Debug|Any CPU.ActiveCfg = Debug|Any CPU
		{82C1D88A-F8F7-4ED1-813F-95EB13A06D26}.Debug|Any CPU.Build.0 = Debug|Any CPU
		{82C1D88A-F8F7-4ED1-813F-95EB13A06D26}.Release|Any CPU.ActiveCfg = Release|Any CPU
		{82C1D88A-F8F7-4ED1-813F-95EB13A06D26}.Release|Any CPU.Build.0 = Release|Any CPU
		{4E0BB44A-1665-4B69-9BF7-7C9D4F2C1460}.Debug|Any CPU.ActiveCfg = Debug|Any CPU
		{4E0BB44A-1665-4B69-9BF7-7C9D4F2C1460}.Debug|Any CPU.Build.0 = Debug|Any CPU
		{4E0BB44A-1665-4B69-9BF7-7C9D4F2C1460}.Release|Any CPU.ActiveCfg = Release|Any CPU
		{4E0BB44A-1665-4B69-9BF7-7C9D4F2C1460}.Release|Any CPU.Build.0 = Release|Any CPU
	EndGlobalSection
	GlobalSection(SolutionProperties) = preSolution
		HideSolutionNode = FALSE
	EndGlobalSection
	GlobalSection(NestedProjects) = preSolution
		{64541530-0F1D-4A6B-BD8F-88DE924933FB} = {9A2F306B-F087-48C8-8234-8766C691D609}
		{7CBAEEF1-BD4D-46F5-AE68-687BB9CDD848} = {9A2F306B-F087-48C8-8234-8766C691D609}
		{DD3BC6ED-0128-4AFC-A787-987A062E5315} = {6D444A03-9EE0-471C-ACA0-C5F865B84A3B}
		{D35D2506-AA00-47FA-96AA-1CBBCA47CD04} = {9A2F306B-F087-48C8-8234-8766C691D609}
		{4E0BB44A-1665-4B69-9BF7-7C9D4F2C1460} = {0A554752-0684-4F08-89CB-1FB566784593}
	EndGlobalSection
	GlobalSection(ExtensibilityGlobals) = postSolution
		SolutionGuid = {D47FFAB0-4F1A-46B3-B4CE-398E7FD0442E}
	EndGlobalSection
EndGlobal
